
Microsoft Visual Studio Solution File, Format Version 12.00
# Visual Studio Version 17
VisualStudioVersion = 17.9.34701.34
MinimumVisualStudioVersion = 10.0.40219.1
Project("{9A19103F-16F7-4668-BE54-9A1E7A4F7556}") = "Hello_OpenTK", "Hello_OpenTK.csproj", "{CFE270B6-2593-4C70-8A3C-752ECCD25BAE}"
EndProject
Global
	GlobalSection(SolutionConfigurationPlatforms) = preSolution
		Debug|Any CPU = Debug|Any CPU
		Release|Any CPU = Release|Any CPU
	EndGlobalSection
	GlobalSection(ProjectConfigurationPlatforms) = postSolution
		{CFE270B6-2593-4C70-8A3C-752ECCD25BAE}.Debug|Any CPU.ActiveCfg = Debug|Any CPU
		{CFE270B6-2593-4C70-8A3C-752ECCD25BAE}.Debug|Any CPU.Build.0 = Debug|Any CPU
		{CFE270B6-2593-4C70-8A3C-752ECCD25BAE}.Release|Any CPU.ActiveCfg = Release|Any CPU
		{CFE270B6-2593-4C70-8A3C-752ECCD25BAE}.Release|Any CPU.Build.0 = Release|Any CPU
	EndGlobalSection
	GlobalSection(SolutionProperties) = preSolution
		HideSolutionNode = FALSE
	EndGlobalSection
	GlobalSection(ExtensibilityGlobals) = postSolution
		SolutionGuid = {90A56603-0001-423E-9B31-4A85AD349B41}
	EndGlobalSection
EndGlobal
